// !$*UTF8*$!
{
	archiveVersion = 1;
	classes = {
	};
	objectVersion = 56;
	objects = {

/* Begin PBXBuildFile section */
		9699919B2A11149A00873332 /* astronauts.json in Resources */ = {isa = PBXBuildFile; fileRef = 969991992A11149A00873332 /* astronauts.json */; };
		9699919C2A11149A00873332 /* missions.json in Resources */ = {isa = PBXBuildFile; fileRef = 9699919A2A11149A00873332 /* missions.json */; };
		9699919E2A1115D000873332 /* Astronaut.swift in Sources */ = {isa = PBXBuildFile; fileRef = 9699919D2A1115D000873332 /* Astronaut.swift */; };
		969991A02A11167600873332 /* Bundle-Decodable.swift in Sources */ = {isa = PBXBuildFile; fileRef = 9699919F2A11167600873332 /* Bundle-Decodable.swift */; };
		969991A22A112BCC00873332 /* Mission.swift in Sources */ = {isa = PBXBuildFile; fileRef = 969991A12A112BCC00873332 /* Mission.swift */; };
		969991A42A113CC000873332 /* Color-Theme.swift in Sources */ = {isa = PBXBuildFile; fileRef = 969991A32A113CC000873332 /* Color-Theme.swift */; };
		969991A82A12A25B00873332 /* MissionView.swift in Sources */ = {isa = PBXBuildFile; fileRef = 969991A72A12A25B00873332 /* MissionView.swift */; };
		969991AA2A138E3800873332 /* AstronautView.swift in Sources */ = {isa = PBXBuildFile; fileRef = 969991A92A138E3800873332 /* AstronautView.swift */; };
		969991AC2A13A10000873332 /* CrewRoster.swift in Sources */ = {isa = PBXBuildFile; fileRef = 969991AB2A13A10000873332 /* CrewRoster.swift */; };
		969991AE2A13A72E00873332 /* GridLayout.swift in Sources */ = {isa = PBXBuildFile; fileRef = 969991AD2A13A72E00873332 /* GridLayout.swift */; };
		969991B02A13A84D00873332 /* ListLayout.swift in Sources */ = {isa = PBXBuildFile; fileRef = 969991AF2A13A84D00873332 /* ListLayout.swift */; };
		96DB61682A012F8A0059FFE9 /* MoonshotApp.swift in Sources */ = {isa = PBXBuildFile; fileRef = 96DB61672A012F8A0059FFE9 /* MoonshotApp.swift */; };
		96DB616A2A012F8A0059FFE9 /* ContentView.swift in Sources */ = {isa = PBXBuildFile; fileRef = 96DB61692A012F8A0059FFE9 /* ContentView.swift */; };
		96DB616C2A012F8B0059FFE9 /* Assets.xcassets in Resources */ = {isa = PBXBuildFile; fileRef = 96DB616B2A012F8B0059FFE9 /* Assets.xcassets */; };
		96DB616F2A012F8B0059FFE9 /* Preview Assets.xcassets in Resources */ = {isa = PBXBuildFile; fileRef = 96DB616E2A012F8B0059FFE9 /* Preview Assets.xcassets */; };
/* End PBXBuildFile section */

/* Begin PBXFileReference section */
		969991992A11149A00873332 /* astronauts.json */ = {isa = PBXFileReference; fileEncoding = 4; lastKnownFileType = text.json; path = astronauts.json; sourceTree = "<group>"; };
		9699919A2A11149A00873332 /* missions.json */ = {isa = PBXFileReference; fileEncoding = 4; lastKnownFileType = text.json; path = missions.json; sourceTree = "<group>"; };
		9699919D2A1115D000873332 /* Astronaut.swift */ = {isa = PBXFileReference; lastKnownFileType = sourcecode.swift; path = Astronaut.swift; sourceTree = "<group>"; };
		9699919F2A11167600873332 /* Bundle-Decodable.swift */ = {isa = PBXFileReference; lastKnownFileType = sourcecode.swift; path = "Bundle-Decodable.swift"; sourceTree = "<group>"; };
		969991A12A112BCC00873332 /* Mission.swift */ = {isa = PBXFileReference; lastKnownFileType = sourcecode.swift; path = Mission.swift; sourceTree = "<group>"; };
		969991A32A113CC000873332 /* Color-Theme.swift */ = {isa = PBXFileReference; lastKnownFileType = sourcecode.swift; path = "Color-Theme.swift"; sourceTree = "<group>"; };
		969991A72A12A25B00873332 /* MissionView.swift */ = {isa = PBXFileReference; lastKnownFileType = sourcecode.swift; path = MissionView.swift; sourceTree = "<group>"; };
		969991A92A138E3800873332 /* AstronautView.swift */ = {isa = PBXFileReference; lastKnownFileType = sourcecode.swift; path = AstronautView.swift; sourceTree = "<group>"; };
		969991AB2A13A10000873332 /* CrewRoster.swift */ = {isa = PBXFileReference; lastKnownFileType = sourcecode.swift; path = CrewRoster.swift; sourceTree = "<group>"; };
		969991AD2A13A72E00873332 /* GridLayout.swift */ = {isa = PBXFileReference; lastKnownFileType = sourcecode.swift; path = GridLayout.swift; sourceTree = "<group>"; };
		969991AF2A13A84D00873332 /* ListLayout.swift */ = {isa = PBXFileReference; lastKnownFileType = sourcecode.swift; path = ListLayout.swift; sourceTree = "<group>"; };
		96DB61642A012F8A0059FFE9 /* Moonshot.app */ = {isa = PBXFileReference; explicitFileType = wrapper.application; includeInIndex = 0; path = Moonshot.app; sourceTree = BUILT_PRODUCTS_DIR; };
		96DB61672A012F8A0059FFE9 /* MoonshotApp.swift */ = {isa = PBXFileReference; lastKnownFileType = sourcecode.swift; path = MoonshotApp.swift; sourceTree = "<group>"; };
		96DB61692A012F8A0059FFE9 /* ContentView.swift */ = {isa = PBXFileReference; lastKnownFileType = sourcecode.swift; path = ContentView.swift; sourceTree = "<group>"; };
		96DB616B2A012F8B0059FFE9 /* Assets.xcassets */ = {isa = PBXFileReference; lastKnownFileType = folder.assetcatalog; path = Assets.xcassets; sourceTree = "<group>"; };
		96DB616E2A012F8B0059FFE9 /* Preview Assets.xcassets */ = {isa = PBXFileReference; lastKnownFileType = folder.assetcatalog; path = "Preview Assets.xcassets"; sourceTree = "<group>"; };
/* End PBXFileReference section */

/* Begin PBXFrameworksBuildPhase section */
		96DB61612A012F8A0059FFE9 /* Frameworks */ = {
			isa = PBXFrameworksBuildPhase;
			buildActionMask = 2147483647;
			files = (
			);
			runOnlyForDeploymentPostprocessing = 0;
		};
/* End PBXFrameworksBuildPhase section */

/* Begin PBXGroup section */
		96DB615B2A012F8A0059FFE9 = {
			isa = PBXGroup;
			children = (
				96DB61662A012F8A0059FFE9 /* Moonshot */,
				96DB61652A012F8A0059FFE9 /* Products */,
			);
			sourceTree = "<group>";
		};
		96DB61652A012F8A0059FFE9 /* Products */ = {
			isa = PBXGroup;
			children = (
				96DB61642A012F8A0059FFE9 /* Moonshot.app */,
			);
			name = Products;
			sourceTree = "<group>";
		};
		96DB61662A012F8A0059FFE9 /* Moonshot */ = {
			isa = PBXGroup;
			children = (
				9699919D2A1115D000873332 /* Astronaut.swift */,
				969991A92A138E3800873332 /* AstronautView.swift */,
				9699919F2A11167600873332 /* Bundle-Decodable.swift */,
				969991A32A113CC000873332 /* Color-Theme.swift */,
				96DB61692A012F8A0059FFE9 /* ContentView.swift */,
				969991AF2A13A84D00873332 /* ListLayout.swift */,
				969991AB2A13A10000873332 /* CrewRoster.swift */,
				969991AD2A13A72E00873332 /* GridLayout.swift */,
				969991A12A112BCC00873332 /* Mission.swift */,
				969991A72A12A25B00873332 /* MissionView.swift */,
				96DB61672A012F8A0059FFE9 /* MoonshotApp.swift */,
				969991992A11149A00873332 /* astronauts.json */,
				9699919A2A11149A00873332 /* missions.json */,
				96DB616B2A012F8B0059FFE9 /* Assets.xcassets */,
				96DB616D2A012F8B0059FFE9 /* Preview Content */,
			);
			path = Moonshot;
			sourceTree = "<group>";
		};
		96DB616D2A012F8B0059FFE9 /* Preview Content */ = {
			isa = PBXGroup;
			children = (
				96DB616E2A012F8B0059FFE9 /* Preview Assets.xcassets */,
			);
			path = "Preview Content";
			sourceTree = "<group>";
		};
/* End PBXGroup section */

/* Begin PBXNativeTarget section */
		96DB61632A012F8A0059FFE9 /* Moonshot */ = {
			isa = PBXNativeTarget;
			buildConfigurationList = 96DB61722A012F8B0059FFE9 /* Build configuration list for PBXNativeTarget "Moonshot" */;
			buildPhases = (
				96DB61602A012F8A0059FFE9 /* Sources */,
				96DB61612A012F8A0059FFE9 /* Frameworks */,
				96DB61622A012F8A0059FFE9 /* Resources */,
			);
			buildRules = (
			);
			dependencies = (
			);
			name = Moonshot;
			productName = Moonshot;
			productReference = 96DB61642A012F8A0059FFE9 /* Moonshot.app */;
			productType = "com.apple.product-type.application";
		};
/* End PBXNativeTarget section */

/* Begin PBXProject section */
		96DB615C2A012F8A0059FFE9 /* Project object */ = {
			isa = PBXProject;
			attributes = {
				BuildIndependentTargetsInParallel = 1;
				LastSwiftUpdateCheck = 1430;
				LastUpgradeCheck = 1430;
				TargetAttributes = {
					96DB61632A012F8A0059FFE9 = {
						CreatedOnToolsVersion = 14.3;
					};
				};
			};
			buildConfigurationList = 96DB615F2A012F8A0059FFE9 /* Build configuration list for PBXProject "Moonshot" */;
			compatibilityVersion = "Xcode 14.0";
			developmentRegion = en;
			hasScannedForEncodings = 0;
			knownRegions = (
				en,
				Base,
			);
			mainGroup = 96DB615B2A012F8A0059FFE9;
			productRefGroup = 96DB61652A012F8A0059FFE9 /* Products */;
			projectDirPath = "";
			projectRoot = "";
			targets = (
				96DB61632A012F8A0059FFE9 /* Moonshot */,
			);
		};
/* End PBXProject section */

/* Begin PBXResourcesBuildPhase section */
		96DB61622A012F8A0059FFE9 /* Resources */ = {
			isa = PBXResourcesBuildPhase;
			buildActionMask = 2147483647;
			files = (
				9699919B2A11149A00873332 /* astronauts.json in Resources */,
				96DB616F2A012F8B0059FFE9 /* Preview Assets.xcassets in Resources */,
				9699919C2A11149A00873332 /* missions.json in Resources */,
				96DB616C2A012F8B0059FFE9 /* Assets.xcassets in Resources */,
			);
			runOnlyForDeploymentPostprocessing = 0;
		};
/* End PBXResourcesBuildPhase section */

/* Begin PBXSourcesBuildPhase section */
		96DB61602A012F8A0059FFE9 /* Sources */ = {
			isa = PBXSourcesBuildPhase;
			buildActionMask = 2147483647;
			files = (
				969991A82A12A25B00873332 /* MissionView.swift in Sources */,
				96DB616A2A012F8A0059FFE9 /* ContentView.swift in Sources */,
				969991AA2A138E3800873332 /* AstronautView.swift in Sources */,
				969991A42A113CC000873332 /* Color-Theme.swift in Sources */,
				969991AC2A13A10000873332 /* CrewRoster.swift in Sources */,
				9699919E2A1115D000873332 /* Astronaut.swift in Sources */,
				96DB61682A012F8A0059FFE9 /* MoonshotApp.swift in Sources */,
				969991AE2A13A72E00873332 /* GridLayout.swift in Sources */,
				969991B02A13A84D00873332 /* ListLayout.swift in Sources */,
				969991A22A112BCC00873332 /* Mission.swift in Sources */,
				969991A02A11167600873332 /* Bundle-Decodable.swift in Sources */,
			);
			runOnlyForDeploymentPostprocessing = 0;
		};
/* End PBXSourcesBuildPhase section */

/* Begin XCBuildConfiguration section */
		96DB61702A012F8B0059FFE9 /* Debug */ = {
			isa = XCBuildConfiguration;
			buildSettings = {
				ALWAYS_SEARCH_USER_PATHS = NO;
				CLANG_ANALYZER_NONNULL = YES;
				CLANG_ANALYZER_NUMBER_OBJECT_CONVERSION = YES_AGGRESSIVE;
				CLANG_CXX_LANGUAGE_STANDARD = "gnu++20";
				CLANG_ENABLE_MODULES = YES;
				CLANG_ENABLE_OBJC_ARC = YES;
				CLANG_ENABLE_OBJC_WEAK = YES;
				CLANG_WARN_BLOCK_CAPTURE_AUTORELEASING = YES;
				CLANG_WARN_BOOL_CONVERSION = YES;
				CLANG_WARN_COMMA = YES;
				CLANG_WARN_CONSTANT_CONVERSION = YES;
				CLANG_WARN_DEPRECATED_OBJC_IMPLEMENTATIONS = YES;
				CLANG_WARN_DIRECT_OBJC_ISA_USAGE = YES_ERROR;
				CLANG_WARN_DOCUMENTATION_COMMENTS = YES;
				CLANG_WARN_EMPTY_BODY = YES;
				CLANG_WARN_ENUM_CONVERSION = YES;
				CLANG_WARN_INFINITE_RECURSION = YES;
				CLANG_WARN_INT_CONVERSION = YES;
				CLANG_WARN_NON_LITERAL_NULL_CONVERSION = YES;
				CLANG_WARN_OBJC_IMPLICIT_RETAIN_SELF = YES;
				CLANG_WARN_OBJC_LITERAL_CONVERSION = YES;
				CLANG_WARN_OBJC_ROOT_CLASS = YES_ERROR;
				CLANG_WARN_QUOTED_INCLUDE_IN_FRAMEWORK_HEADER = YES;
				CLANG_WARN_RANGE_LOOP_ANALYSIS = YES;
				CLANG_WARN_STRICT_PROTOTYPES = YES;
				CLANG_WARN_SUSPICIOUS_MOVE = YES;
				CLANG_WARN_UNGUARDED_AVAILABILITY = YES_AGGRESSIVE;
				CLANG_WARN_UNREACHABLE_CODE = YES;
				CLANG_WARN__DUPLICATE_METHOD_MATCH = YES;
				COPY_PHASE_STRIP = NO;
				DEBUG_INFORMATION_FORMAT = dwarf;
				ENABLE_STRICT_OBJC_MSGSEND = YES;
				ENABLE_TESTABILITY = YES;
				GCC_C_LANGUAGE_STANDARD = gnu11;
				GCC_DYNAMIC_NO_PIC = NO;
				GCC_NO_COMMON_BLOCKS = YES;
				GCC_OPTIMIZATION_LEVEL = 0;
				GCC_PREPROCESSOR_DEFINITIONS = (
					"DEBUG=1",
					"$(inherited)",
				);
				GCC_WARN_64_TO_32_BIT_CONVERSION = YES;
				GCC_WARN_ABOUT_RETURN_TYPE = YES_ERROR;
				GCC_WARN_UNDECLARED_SELECTOR = YES;
				GCC_WARN_UNINITIALIZED_AUTOS = YES_AGGRESSIVE;
				GCC_WARN_UNUSED_FUNCTION = YES;
				GCC_WARN_UNUSED_VARIABLE = YES;
				IPHONEOS_DEPLOYMENT_TARGET = 16.4;
				MTL_ENABLE_DEBUG_INFO = INCLUDE_SOURCE;
				MTL_FAST_MATH = YES;
				ONLY_ACTIVE_ARCH = YES;
				SDKROOT = iphoneos;
				SWIFT_ACTIVE_COMPILATION_CONDITIONS = DEBUG;
				SWIFT_OPTIMIZATION_LEVEL = "-Onone";
			};
			name = Debug;
		};
		96DB61712A012F8B0059FFE9 /* Release */ = {
			isa = XCBuildConfiguration;
			buildSettings = {
				ALWAYS_SEARCH_USER_PATHS = NO;
				CLANG_ANALYZER_NONNULL = YES;
				CLANG_ANALYZER_NUMBER_OBJECT_CONVERSION = YES_AGGRESSIVE;
				CLANG_CXX_LANGUAGE_STANDARD = "gnu++20";
				CLANG_ENABLE_MODULES = YES;
				CLANG_ENABLE_OBJC_ARC = YES;
				CLANG_ENABLE_OBJC_WEAK = YES;
				CLANG_WARN_BLOCK_CAPTURE_AUTORELEASING = YES;
				CLANG_WARN_BOOL_CONVERSION = YES;
				CLANG_WARN_COMMA = YES;
				CLANG_WARN_CONSTANT_CONVERSION = YES;
				CLANG_WARN_DEPRECATED_OBJC_IMPLEMENTATIONS = YES;
				CLANG_WARN_DIRECT_OBJC_ISA_USAGE = YES_ERROR;
				CLANG_WARN_DOCUMENTATION_COMMENTS = YES;
				CLANG_WARN_EMPTY_BODY = YES;
				CLANG_WARN_ENUM_CONVERSION = YES;
				CLANG_WARN_INFINITE_RECURSION = YES;
				CLANG_WARN_INT_CONVERSION = YES;
				CLANG_WARN_NON_LITERAL_NULL_CONVERSION = YES;
				CLANG_WARN_OBJC_IMPLICIT_RETAIN_SELF = YES;
				CLANG_WARN_OBJC_LITERAL_CONVERSION = YES;
				CLANG_WARN_OBJC_ROOT_CLASS = YES_ERROR;
				CLANG_WARN_QUOTED_INCLUDE_IN_FRAMEWORK_HEADER = YES;
				CLANG_WARN_RANGE_LOOP_ANALYSIS = YES;
				CLANG_WARN_STRICT_PROTOTYPES = YES;
				CLANG_WARN_SUSPICIOUS_MOVE = YES;
				CLANG_WARN_UNGUARDED_AVAILABILITY = YES_AGGRESSIVE;
				CLANG_WARN_UNREACHABLE_CODE = YES;
				CLANG_WARN__DUPLICATE_METHOD_MATCH = YES;
				COPY_PHASE_STRIP = NO;
				DEBUG_INFORMATION_FORMAT = "dwarf-with-dsym";
				ENABLE_NS_ASSERTIONS = NO;
				ENABLE_STRICT_OBJC_MSGSEND = YES;
				GCC_C_LANGUAGE_STANDARD = gnu11;
				GCC_NO_COMMON_BLOCKS = YES;
				GCC_WARN_64_TO_32_BIT_CONVERSION = YES;
				GCC_WARN_ABOUT_RETURN_TYPE = YES_ERROR;
				GCC_WARN_UNDECLARED_SELECTOR = YES;
				GCC_WARN_UNINITIALIZED_AUTOS = YES_AGGRESSIVE;
				GCC_WARN_UNUSED_FUNCTION = YES;
				GCC_WARN_UNUSED_VARIABLE = YES;
				IPHONEOS_DEPLOYMENT_TARGET = 16.4;
				MTL_ENABLE_DEBUG_INFO = NO;
				MTL_FAST_MATH = YES;
				SDKROOT = iphoneos;
				SWIFT_COMPILATION_MODE = wholemodule;
				SWIFT_OPTIMIZATION_LEVEL = "-O";
				VALIDATE_PRODUCT = YES;
			};
			name = Release;
		};
		96DB61732A012F8B0059FFE9 /* Debug */ = {
			isa = XCBuildConfiguration;
			buildSettings = {
				ASSETCATALOG_COMPILER_APPICON_NAME = AppIcon;
				ASSETCATALOG_COMPILER_GLOBAL_ACCENT_COLOR_NAME = AccentColor;
				CODE_SIGN_STYLE = Automatic;
				CURRENT_PROJECT_VERSION = 1;
				DEVELOPMENT_ASSET_PATHS = "\"Moonshot/Preview Content\"";
				DEVELOPMENT_TEAM = S9C8R3KYMM;
				ENABLE_PREVIEWS = YES;
				GENERATE_INFOPLIST_FILE = YES;
				INFOPLIST_KEY_UIApplicationSceneManifest_Generation = YES;
				INFOPLIST_KEY_UIApplicationSupportsIndirectInputEvents = YES;
				INFOPLIST_KEY_UILaunchScreen_Generation = YES;
				INFOPLIST_KEY_UISupportedInterfaceOrientations_iPad = "UIInterfaceOrientationPortrait UIInterfaceOrientationPortraitUpsideDown UIInterfaceOrientationLandscapeLeft UIInterfaceOrientationLandscapeRight";
				INFOPLIST_KEY_UISupportedInterfaceOrientations_iPhone = "UIInterfaceOrientationPortrait UIInterfaceOrientationLandscapeLeft UIInterfaceOrientationLandscapeRight";
				LD_RUNPATH_SEARCH_PATHS = (
					"$(inherited)",
					"@executable_path/Frameworks",
				);
				MARKETING_VERSION = 1.0;
				PRODUCT_BUNDLE_IDENTIFIER = com.julias.Moonshot;
				PRODUCT_NAME = "$(TARGET_NAME)";
				SWIFT_EMIT_LOC_STRINGS = YES;
				SWIFT_VERSION = 5.0;
				TARGETED_DEVICE_FAMILY = "1,2";
			};
			name = Debug;
		};
		96DB61742A012F8B0059FFE9 /* Release */ = {
			isa = XCBuildConfiguration;
			buildSettings = {
				ASSETCATALOG_COMPILER_APPICON_NAME = AppIcon;
				ASSETCATALOG_COMPILER_GLOBAL_ACCENT_COLOR_NAME = AccentColor;
				CODE_SIGN_STYLE = Automatic;
				CURRENT_PROJECT_VERSION = 1;
				DEVELOPMENT_ASSET_PATHS = "\"Moonshot/Preview Content\"";
				DEVELOPMENT_TEAM = S9C8R3KYMM;
				ENABLE_PREVIEWS = YES;
				GENERATE_INFOPLIST_FILE = YES;
				INFOPLIST_KEY_UIApplicationSceneManifest_Generation = YES;
				INFOPLIST_KEY_UIApplicationSupportsIndirectInputEvents = YES;
				INFOPLIST_KEY_UILaunchScreen_Generation = YES;
				INFOPLIST_KEY_UISupportedInterfaceOrientations_iPad = "UIInterfaceOrientationPortrait UIInterfaceOrientationPortraitUpsideDown UIInterfaceOrientationLandscapeLeft UIInterfaceOrientationLandscapeRight";
				INFOPLIST_KEY_UISupportedInterfaceOrientations_iPhone = "UIInterfaceOrientationPortrait UIInterfaceOrientationLandscapeLeft UIInterfaceOrientationLandscapeRight";
				LD_RUNPATH_SEARCH_PATHS = (
					"$(inherited)",
					"@executable_path/Frameworks",
				);
				MARKETING_VERSION = 1.0;
				PRODUCT_BUNDLE_IDENTIFIER = com.julias.Moonshot;
				PRODUCT_NAME = "$(TARGET_NAME)";
				SWIFT_EMIT_LOC_STRINGS = YES;
				SWIFT_VERSION = 5.0;
				TARGETED_DEVICE_FAMILY = "1,2";
			};
			name = Release;
		};
/* End XCBuildConfiguration section */

/* Begin XCConfigurationList section */
		96DB615F2A012F8A0059FFE9 /* Build configuration list for PBXProject "Moonshot" */ = {
			isa = XCConfigurationList;
			buildConfigurations = (
				96DB61702A012F8B0059FFE9 /* Debug */,
				96DB61712A012F8B0059FFE9 /* Release */,
			);
			defaultConfigurationIsVisible = 0;
			defaultConfigurationName = Release;
		};
		96DB61722A012F8B0059FFE9 /* Build configuration list for PBXNativeTarget "Moonshot" */ = {
			isa = XCConfigurationList;
			buildConfigurations = (
				96DB61732A012F8B0059FFE9 /* Debug */,
				96DB61742A012F8B0059FFE9 /* Release */,
			);
			defaultConfigurationIsVisible = 0;
			defaultConfigurationName = Release;
		};
/* End XCConfigurationList section */
	};
	rootObject = 96DB615C2A012F8A0059FFE9 /* Project object */;
}
